{
  "name": "OpioidConversion",
  "lockfileVersion": 3,
  "requires": true,
  "packages": {
    "": {
      "dependencies": {
        "@types/gtag.js": "^0.0.19"
      }
    },
    "node_modules/@types/gtag.js": {
      "version": "0.0.19",
      "resolved": "https://registry.npmjs.org/@types/gtag.js/-/gtag.js-0.0.19.tgz",
      "integrity": "sha512-KHoDzrf9rSd0mooKN576PjExpdk/XRrNu4RQnmigsScSTSidwyOUe9kDrHz9UPKjiBrx2QEsSkexbJSgS0j72w=="
    }
  }
}
